# This file is autogenerated, do not edit; changes may be undone by the next 'dep ensure'.


[[projects]]
  branch = "master"
  digest = "1:315c5f2f60c76d89b871c73f9bd5fe689cad96597afd50fb9992228ef80bdd34"
  name = "github.com/alecthomas/template"
  packages = [
    ".",
    "parse",
  ]
  pruneopts = "UT"
  revision = "a0175ee3bccc567396460bf5acd36800cb10c49c"

[[projects]]
  digest = "1:f4f6279cb37479954644babd8f8ef00584ff9fa63555d2c6718c1c3517170202"
  name = "github.com/elazarl/go-bindata-assetfs"
  packages = ["."]
  pruneopts = "UT"
  revision = "30f82fa23fd844bd5bb1e5f216db87fd77b5eb43"
  version = "v1.0.0"

[[projects]]
  branch = "master"
  digest = "1:903bdbb8574f2960dc8a8c5e5bc828f330e3ed35c815923c4e9cbeff4ba78e7f"
  name = "github.com/gotk3/gotk3"
  packages = [
    "cairo",
    "gdk",
    "glib",
    "gtk",
    "pango",
  ]
  pruneopts = "UT"
  revision = "0762cd6335b851f6f0d0dec2633441bc0b2a9059"

[[projects]]
  branch = "master"
  digest = "1:39853e1ae46a02816e2419e1f590e00682b1a6b60bb988597cf2efb84314da45"
  name = "github.com/skratchdot/open-golang"
  packages = ["open"]
  pruneopts = "UT"
  revision = "75fb7ed4208cf72d323d7d02fd1a5964a7a9073c"

[[projects]]
  branch = "master"
  digest = "1:d270dfca2473603bfc33b1ee3265affdaba4f87d3b138cd5352ea32277fa1b62"
  name = "github.com/sourcegraph/go-webkit2"
  packages = ["webkit2"]
  pruneopts = "UT"
  revision = "ade305cf91f47f5296726318090d6ad19ac676d7"

[[projects]]
  branch = "master"
  digest = "1:800760fed107357e4f4602ebafa12446976a570baabefba2b25fec0658a3f964"
  name = "github.com/sourcegraph/webloop"
  packages = ["."]
  pruneopts = "UT"
  revision = "b349a792d12282177c53eebe9c9627555305705e"

[[projects]]
  branch = "master"
  digest = "1:5beeb42257a99d0892442d0bb84216729cf660a3f97384e3636609ad1b91a854"
  name = "github.com/sqs/gojs"
  packages = ["."]
  pruneopts = "UT"
  revision = "12d0b32828191c4eb85c227f00bf06492d452c43"

[[projects]]
  digest = "1:790ea41e483319fef6700fa09614250d2f1051157df39059fac0fda3a8d82ada"
  name = "github.com/zserge/webview"
  packages = ["."]
  pruneopts = "UT"
  revision = "016c6ffd99f3ba915aea2b026d17e0918322f99b"
  version = "0.1.0"

[solve-meta]
  analyzer-name = "dep"
  analyzer-version = 1
  input-imports = [
    "github.com/alecthomas/template",
    "github.com/elazarl/go-bindata-assetfs",
    "github.com/gotk3/gotk3/gtk",
    "github.com/skratchdot/open-golang/open",
    "github.com/sourcegraph/webloop",
    "github.com/zserge/webview",
  ]
  solver-name = "gps-cdcl"
  solver-version = 1
